
Microsoft Visual Studio Solution File, Format Version 12.00
# Visual Studio Version 17
VisualStudioVersion = 17.5.002.0
MinimumVisualStudioVersion = 10.0.40219.1
Project("{9A19103F-16F7-4668-BE54-9A1E7A4F7556}") = "DesafioFundamentos", "DesafioFundamentos\DesafioFundamentos.csproj", "{CFA5A8EA-DB94-4000-AAF1-BC4DC7BBB15F}"
EndProject
Global
	GlobalSection(SolutionConfigurationPlatforms) = preSolution
		Debug|Any CPU = Debug|Any CPU
		Release|Any CPU = Release|Any CPU
	EndGlobalSection
	GlobalSection(ProjectConfigurationPlatforms) = postSolution
		{CFA5A8EA-DB94-4000-AAF1-BC4DC7BBB15F}.Debug|Any CPU.ActiveCfg = Debug|Any CPU
		{CFA5A8EA-DB94-4000-AAF1-BC4DC7BBB15F}.Debug|Any CPU.Build.0 = Debug|Any CPU
		{CFA5A8EA-DB94-4000-AAF1-BC4DC7BBB15F}.Release|Any CPU.ActiveCfg = Release|Any CPU
		{CFA5A8EA-DB94-4000-AAF1-BC4DC7BBB15F}.Release|Any CPU.Build.0 = Release|Any CPU
	EndGlobalSection
	GlobalSection(SolutionProperties) = preSolution
		HideSolutionNode = FALSE
	EndGlobalSection
	GlobalSection(ExtensibilityGlobals) = postSolution
		SolutionGuid = {915DCC9E-86A7-40B4-9C6D-A0A7FE5DF690}
	EndGlobalSection
EndGlobal
